
Microsoft Visual Studio Solution File, Format Version 12.00
# Visual Studio Version 16
VisualStudioVersion = 16.0.33529.622
MinimumVisualStudioVersion = 10.0.40219.1
Project("{FAE04EC0-301F-11D3-BF4B-00C04F79EFBC}") = "API", "API\API.csproj", "{9FB163E7-C62D-4226-BDC8-D7F44B669B11}"
EndProject
Global
	GlobalSection(SolutionConfigurationPlatforms) = preSolution
		Debug|Any CPU = Debug|Any CPU
		Release|Any CPU = Release|Any CPU
	EndGlobalSection
	GlobalSection(ProjectConfigurationPlatforms) = postSolution
		{9FB163E7-C62D-4226-BDC8-D7F44B669B11}.Debug|Any CPU.ActiveCfg = Debug|Any CPU
		{9FB163E7-C62D-4226-BDC8-D7F44B669B11}.Debug|Any CPU.Build.0 = Debug|Any CPU
		{9FB163E7-C62D-4226-BDC8-D7F44B669B11}.Release|Any CPU.ActiveCfg = Release|Any CPU
		{9FB163E7-C62D-4226-BDC8-D7F44B669B11}.Release|Any CPU.Build.0 = Release|Any CPU
	EndGlobalSection
	GlobalSection(SolutionProperties) = preSolution
		HideSolutionNode = FALSE
	EndGlobalSection
	GlobalSection(ExtensibilityGlobals) = postSolution
		SolutionGuid = {5790EF91-7A8B-466E-8650-6340BB6EDDF5}
	EndGlobalSection
EndGlobal
